<?xml version="1.0" encoding="utf-8"?>
<Project ToolsVersion="4.0" xmlns="http://schemas.microsoft.com/developer/msbuild/2003">
  <ItemGroup>
    <Filter Include="PreCompile">
      <UniqueIdentifier>{a126e6e9-b2c6-4b0e-9706-e5462ebaee57}</UniqueIdentifier>
    </Filter>
    <Filter Include="Math">
      <UniqueIdentifier>{5563f253-bada-42d0-bf3d-223f17d32cd4}</UniqueIdentifier>
    </Filter>
    <Filter Include="Math\Vector">
      <UniqueIdentifier>{d401eb41-fd43-4c30-8406-4125ffa9cd5c}</UniqueIdentifier>
    </Filter>
    <Filter Include="Math\Matrix">
      <UniqueIdentifier>{a85f4d74-2a76-4e16-ad4c-a5451ca6baf4}</UniqueIdentifier>
    </Filter>
    <Filter Include="Container">
      <UniqueIdentifier>{a76da7bf-fb35-46be-b36e-4dd90c9b1e81}</UniqueIdentifier>
    </Filter>
    <Filter Include="Container\Array">
      <UniqueIdentifier>{ff19b556-9eef-4c6a-a2f6-ef3cbe1632e5}</UniqueIdentifier>
    </Filter>
    <Filter Include="Math\Shapes">
      <UniqueIdentifier>{b17e503d-9e9c-4d71-b884-9b09f3558d0c}</UniqueIdentifier>
    </Filter>
  </ItemGroup>
  <ItemGroup>
    <ClCompile Include="stdafx.cpp">
      <Filter>PreCompile</Filter>
    </ClCompile>
  </ItemGroup>
  <ItemGroup>
    <ClInclude Include="stdafx.h">
      <Filter>PreCompile</Filter>
    </ClInclude>
    <ClInclude Include="Vector.h">
      <Filter>Math\Vector</Filter>
    </ClInclude>
    <ClInclude Include="Matrix.h">
      <Filter>Math\Matrix</Filter>
    </ClInclude>
    <ClInclude Include="Vector2.h">
      <Filter>Math\Vector</Filter>
    </ClInclude>
    <ClInclude Include="Vector2decl.h">
      <Filter>Math\Vector</Filter>
    </ClInclude>
    <ClInclude Include="Vector3decl.h">
      <Filter>Math\Vector</Filter>
    </ClInclude>
    <ClInclude Include="Vector3.h">
      <Filter>Math\Vector</Filter>
    </ClInclude>
    <ClInclude Include="Vector4.h">
      <Filter>Math\Vector</Filter>
    </ClInclude>
    <ClInclude Include="Vector4decl.h">
      <Filter>Math\Vector</Filter>
    </ClInclude>
    <ClInclude Include="Matrix33.h">
      <Filter>Math\Matrix</Filter>
    </ClInclude>
    <ClInclude Include="Matrix33decl.h">
      <Filter>Math\Matrix</Filter>
    </ClInclude>
    <ClInclude Include="Matrix44.h">
      <Filter>Math\Matrix</Filter>
    </ClInclude>
    <ClInclude Include="Matrix44decl.h">
      <Filter>Math\Matrix</Filter>
    </ClInclude>
    <ClInclude Include="MathHelper.h">
      <Filter>Math</Filter>
    </ClInclude>
    <ClInclude Include="GrowingArray.h">
      <Filter>Container\Array</Filter>
    </ClInclude>
    <ClInclude Include="StaticArray.h">
      <Filter>Container\Array</Filter>
    </ClInclude>
    <ClInclude Include="Quad.h">
      <Filter>Math\Shapes</Filter>
    </ClInclude>
  </ItemGroup>
</Project>