<?xml version="1.0" encoding="utf-8"?>
<Project ToolsVersion="4.0" xmlns="http://schemas.microsoft.com/developer/msbuild/2003">
  <ItemGroup>
    <Filter Include="PreCompile">
      <UniqueIdentifier>{a126e6e9-b2c6-4b0e-9706-e5462ebaee57}</UniqueIdentifier>
    </Filter>
    <Filter Include="API">
      <UniqueIdentifier>{cf1e24c2-365c-49d9-a0d0-82ef54364d31}</UniqueIdentifier>
    </Filter>
    <Filter Include="Rendering">
      <UniqueIdentifier>{6c970fdb-871c-4c6d-b85c-b8776b5bfc9c}</UniqueIdentifier>
    </Filter>
  </ItemGroup>
  <ItemGroup>
    <ClCompile Include="stdafx.cpp">
      <Filter>PreCompile</Filter>
    </ClCompile>
    <ClCompile Include="SDLInterface.cpp">
      <Filter>API</Filter>
    </ClCompile>
    <ClCompile Include="Engine.cpp" />
    <ClCompile Include="Sprite.cpp">
      <Filter>Rendering</Filter>
    </ClCompile>
    <ClCompile Include="ResourceManager.cpp">
      <Filter>Rendering</Filter>
    </ClCompile>
  </ItemGroup>
  <ItemGroup>
    <ClInclude Include="stdafx.h">
      <Filter>PreCompile</Filter>
    </ClInclude>
    <ClInclude Include="SDLInterface.h">
      <Filter>API</Filter>
    </ClInclude>
    <ClInclude Include="Engine.h" />
    <ClInclude Include="Sprite.h">
      <Filter>Rendering</Filter>
    </ClInclude>
    <ClInclude Include="ResourceManager.h">
      <Filter>Rendering</Filter>
    </ClInclude>
  </ItemGroup>
</Project>